
Microsoft Visual Studio Solution File, Format Version 12.00
# Visual Studio Version 17
VisualStudioVersion = 17.8.34316.72
MinimumVisualStudioVersion = 10.0.40219.1
Project("{FAE04EC0-301F-11D3-BF4B-00C04F79EFBC}") = "CalculadoraIMC", "CalculadoraIMC\CalculadoraIMC.csproj", "{AB3E313A-9E8F-41AD-8968-FE2C9CEF5627}"
EndProject
Global
	GlobalSection(SolutionConfigurationPlatforms) = preSolution
		Debug|Any CPU = Debug|Any CPU
		Release|Any CPU = Release|Any CPU
	EndGlobalSection
	GlobalSection(ProjectConfigurationPlatforms) = postSolution
		{AB3E313A-9E8F-41AD-8968-FE2C9CEF5627}.Debug|Any CPU.ActiveCfg = Debug|Any CPU
		{AB3E313A-9E8F-41AD-8968-FE2C9CEF5627}.Debug|Any CPU.Build.0 = Debug|Any CPU
		{AB3E313A-9E8F-41AD-8968-FE2C9CEF5627}.Release|Any CPU.ActiveCfg = Release|Any CPU
		{AB3E313A-9E8F-41AD-8968-FE2C9CEF5627}.Release|Any CPU.Build.0 = Release|Any CPU
	EndGlobalSection
	GlobalSection(SolutionProperties) = preSolution
		HideSolutionNode = FALSE
	EndGlobalSection
	GlobalSection(ExtensibilityGlobals) = postSolution
		SolutionGuid = {FC971677-9F84-4194-B1DE-E416E5C0A710}
	EndGlobalSection
EndGlobal
